
Microsoft Visual Studio Solution File, Format Version 12.00
# Visual Studio Version 17
VisualStudioVersion = 17.0.31903.59
MinimumVisualStudioVersion = 10.0.40219.1
Project("{FAE04EC0-301F-11D3-BF4B-00C04F79EFBC}") = "API", "API\API.csproj", "{63681850-5D27-4247-B55E-227580BE03D8}"
EndProject
Project("{FAE04EC0-301F-11D3-BF4B-00C04F79EFBC}") = "Application", "Application\Application.csproj", "{7D07488E-ACAC-46EC-A01C-40B2287F18AA}"
EndProject
Project("{FAE04EC0-301F-11D3-BF4B-00C04F79EFBC}") = "Domain", "Domain\Domain.csproj", "{BB44BA2E-0563-4160-9C4F-FDCAB83A22B7}"
EndProject
Project("{FAE04EC0-301F-11D3-BF4B-00C04F79EFBC}") = "Persistence", "Persistence\Persistence.csproj", "{391B5C77-1798-4430-918A-75E479F3A011}"
EndProject
Global
	GlobalSection(SolutionConfigurationPlatforms) = preSolution
		Debug|Any CPU = Debug|Any CPU
		Release|Any CPU = Release|Any CPU
	EndGlobalSection
	GlobalSection(SolutionProperties) = preSolution
		HideSolutionNode = FALSE
	EndGlobalSection
	GlobalSection(ProjectConfigurationPlatforms) = postSolution
		{63681850-5D27-4247-B55E-227580BE03D8}.Debug|Any CPU.ActiveCfg = Debug|Any CPU
		{63681850-5D27-4247-B55E-227580BE03D8}.Debug|Any CPU.Build.0 = Debug|Any CPU
		{63681850-5D27-4247-B55E-227580BE03D8}.Release|Any CPU.ActiveCfg = Release|Any CPU
		{63681850-5D27-4247-B55E-227580BE03D8}.Release|Any CPU.Build.0 = Release|Any CPU
		{7D07488E-ACAC-46EC-A01C-40B2287F18AA}.Debug|Any CPU.ActiveCfg = Debug|Any CPU
		{7D07488E-ACAC-46EC-A01C-40B2287F18AA}.Debug|Any CPU.Build.0 = Debug|Any CPU
		{7D07488E-ACAC-46EC-A01C-40B2287F18AA}.Release|Any CPU.ActiveCfg = Release|Any CPU
		{7D07488E-ACAC-46EC-A01C-40B2287F18AA}.Release|Any CPU.Build.0 = Release|Any CPU
		{BB44BA2E-0563-4160-9C4F-FDCAB83A22B7}.Debug|Any CPU.ActiveCfg = Debug|Any CPU
		{BB44BA2E-0563-4160-9C4F-FDCAB83A22B7}.Debug|Any CPU.Build.0 = Debug|Any CPU
		{BB44BA2E-0563-4160-9C4F-FDCAB83A22B7}.Release|Any CPU.ActiveCfg = Release|Any CPU
		{BB44BA2E-0563-4160-9C4F-FDCAB83A22B7}.Release|Any CPU.Build.0 = Release|Any CPU
		{391B5C77-1798-4430-918A-75E479F3A011}.Debug|Any CPU.ActiveCfg = Debug|Any CPU
		{391B5C77-1798-4430-918A-75E479F3A011}.Debug|Any CPU.Build.0 = Debug|Any CPU
		{391B5C77-1798-4430-918A-75E479F3A011}.Release|Any CPU.ActiveCfg = Release|Any CPU
		{391B5C77-1798-4430-918A-75E479F3A011}.Release|Any CPU.Build.0 = Release|Any CPU
	EndGlobalSection
EndGlobal
